
Microsoft Visual Studio Solution File, Format Version 12.00
# Visual Studio Version 17
VisualStudioVersion = 17.5.002.0
MinimumVisualStudioVersion = 10.0.40219.1
Project("{2150E333-8FDC-42A3-9474-1A3956D46DE8}") = "src", "src", "{EFC40FBB-CE0E-4B6E-8076-843F7D568E27}"
EndProject
Project("{9A19103F-16F7-4668-BE54-9A1E7A4F7556}") = "Chirp.CLI", "src\Chirp.CLI\Chirp.CLI.csproj", "{962E495A-262A-4805-9B31-CBCE6B8E9FD0}"
EndProject
Project("{9A19103F-16F7-4668-BE54-9A1E7A4F7556}") = "Chirp.CSVDB", "src\Chirp.CSVDB\Chirp.CSVDB.csproj", "{0F8179D6-9E12-4F5D-8147-FBBF0FC32F79}"
EndProject
Project("{9A19103F-16F7-4668-BE54-9A1E7A4F7556}") = "Chirp.CSVDBService", "src\Chirp.CSVDBService\Chirp.CSVDBService.csproj", "{93DE5B28-4241-4AFE-8389-E12CA1A45C84}"
EndProject
Project("{2150E333-8FDC-42A3-9474-1A3956D46DE8}") = "test", "test", "{2D59DC0E-25C4-40D6-A400-E2B167E2818F}"
EndProject
Project("{9A19103F-16F7-4668-BE54-9A1E7A4F7556}") = "Chirp.CLI.Tests", "test\Chirp.CLI.Tests\Chirp.CLI.Tests.csproj", "{1D001ACE-AC65-4171-9C01-727CF50CB04D}"
EndProject
Project("{9A19103F-16F7-4668-BE54-9A1E7A4F7556}") = "Chirp.CSVDB.Tests", "test\Chirp.CSVDB.Tests\Chirp.CSVDB.Tests.csproj", "{A4D7D860-6D90-4242-9C94-B5694751CB49}"
EndProject
Global
	GlobalSection(SolutionConfigurationPlatforms) = preSolution
		Debug|Any CPU = Debug|Any CPU
		Release|Any CPU = Release|Any CPU
	EndGlobalSection
	GlobalSection(ProjectConfigurationPlatforms) = postSolution
		{962E495A-262A-4805-9B31-CBCE6B8E9FD0}.Debug|Any CPU.ActiveCfg = Debug|Any CPU
		{962E495A-262A-4805-9B31-CBCE6B8E9FD0}.Debug|Any CPU.Build.0 = Debug|Any CPU
		{962E495A-262A-4805-9B31-CBCE6B8E9FD0}.Release|Any CPU.ActiveCfg = Release|Any CPU
		{962E495A-262A-4805-9B31-CBCE6B8E9FD0}.Release|Any CPU.Build.0 = Release|Any CPU
		{0F8179D6-9E12-4F5D-8147-FBBF0FC32F79}.Debug|Any CPU.ActiveCfg = Debug|Any CPU
		{0F8179D6-9E12-4F5D-8147-FBBF0FC32F79}.Debug|Any CPU.Build.0 = Debug|Any CPU
		{0F8179D6-9E12-4F5D-8147-FBBF0FC32F79}.Release|Any CPU.ActiveCfg = Release|Any CPU
		{0F8179D6-9E12-4F5D-8147-FBBF0FC32F79}.Release|Any CPU.Build.0 = Release|Any CPU
		{93DE5B28-4241-4AFE-8389-E12CA1A45C84}.Debug|Any CPU.ActiveCfg = Debug|Any CPU
		{93DE5B28-4241-4AFE-8389-E12CA1A45C84}.Debug|Any CPU.Build.0 = Debug|Any CPU
		{93DE5B28-4241-4AFE-8389-E12CA1A45C84}.Release|Any CPU.ActiveCfg = Release|Any CPU
		{93DE5B28-4241-4AFE-8389-E12CA1A45C84}.Release|Any CPU.Build.0 = Release|Any CPU
		{1D001ACE-AC65-4171-9C01-727CF50CB04D}.Debug|Any CPU.ActiveCfg = Debug|Any CPU
		{1D001ACE-AC65-4171-9C01-727CF50CB04D}.Debug|Any CPU.Build.0 = Debug|Any CPU
		{1D001ACE-AC65-4171-9C01-727CF50CB04D}.Release|Any CPU.ActiveCfg = Release|Any CPU
		{1D001ACE-AC65-4171-9C01-727CF50CB04D}.Release|Any CPU.Build.0 = Release|Any CPU
		{A4D7D860-6D90-4242-9C94-B5694751CB49}.Debug|Any CPU.ActiveCfg = Debug|Any CPU
		{A4D7D860-6D90-4242-9C94-B5694751CB49}.Debug|Any CPU.Build.0 = Debug|Any CPU
		{A4D7D860-6D90-4242-9C94-B5694751CB49}.Release|Any CPU.ActiveCfg = Release|Any CPU
		{A4D7D860-6D90-4242-9C94-B5694751CB49}.Release|Any CPU.Build.0 = Release|Any CPU
	EndGlobalSection
	GlobalSection(SolutionProperties) = preSolution
		HideSolutionNode = FALSE
	EndGlobalSection
	GlobalSection(NestedProjects) = preSolution
		{962E495A-262A-4805-9B31-CBCE6B8E9FD0} = {EFC40FBB-CE0E-4B6E-8076-843F7D568E27}
		{0F8179D6-9E12-4F5D-8147-FBBF0FC32F79} = {EFC40FBB-CE0E-4B6E-8076-843F7D568E27}
		{93DE5B28-4241-4AFE-8389-E12CA1A45C84} = {EFC40FBB-CE0E-4B6E-8076-843F7D568E27}
		{1D001ACE-AC65-4171-9C01-727CF50CB04D} = {2D59DC0E-25C4-40D6-A400-E2B167E2818F}
		{A4D7D860-6D90-4242-9C94-B5694751CB49} = {2D59DC0E-25C4-40D6-A400-E2B167E2818F}
	EndGlobalSection
	GlobalSection(ExtensibilityGlobals) = postSolution
		SolutionGuid = {9F3BE8B5-EB3F-40C8-848A-766F98BBABFE}
	EndGlobalSection
EndGlobal
