
Microsoft Visual Studio Solution File, Format Version 12.00
# Visual Studio Version 17
VisualStudioVersion = 17.5.002.0
MinimumVisualStudioVersion = 10.0.40219.1
Project("{2150E333-8FDC-42A3-9474-1A3956D46DE8}") = "src", "src", "{A0CFD8E5-FCD6-431F-A972-86133729D29F}"
EndProject
Project("{9A19103F-16F7-4668-BE54-9A1E7A4F7556}") = "Chirp.Core", "src\Chirp.Core\Chirp.Core.csproj", "{148039BB-B643-45D0-8323-661FC9073D33}"
EndProject
Project("{9A19103F-16F7-4668-BE54-9A1E7A4F7556}") = "Chirp.Infrastructure", "src\Chirp.Infrastructure\Chirp.Infrastructure.csproj", "{B322EBF4-07E9-474B-A00D-B742D9B1CB26}"
EndProject
Project("{9A19103F-16F7-4668-BE54-9A1E7A4F7556}") = "Chirp.Razor", "src\Chirp.Razor\Chirp.Razor.csproj", "{3F295726-88E3-41A0-A46A-C31A493F4211}"
EndProject
Project("{2150E333-8FDC-42A3-9474-1A3956D46DE8}") = "test", "test", "{7F7E81F9-1B72-4C9A-8D6C-343F5A429C29}"
EndProject
Project("{9A19103F-16F7-4668-BE54-9A1E7A4F7556}") = "Chirp.Infrastructure.Tests", "test\Chirp.Infrastructure.Tests\Chirp.Infrastructure.Tests.csproj", "{B83B4BAD-291B-42B1-8C20-74C4E68AFEA1}"
EndProject
Project("{9A19103F-16F7-4668-BE54-9A1E7A4F7556}") = "Chirp.Razor.Tests", "test\Chirp.Razor.Tests\Chirp.Razor.Tests.csproj", "{089DB711-18A9-4AA4-8E99-7C46CF3403E5}"
EndProject
Global
	GlobalSection(SolutionConfigurationPlatforms) = preSolution
		Debug|Any CPU = Debug|Any CPU
		Release|Any CPU = Release|Any CPU
	EndGlobalSection
	GlobalSection(ProjectConfigurationPlatforms) = postSolution
		{148039BB-B643-45D0-8323-661FC9073D33}.Debug|Any CPU.ActiveCfg = Debug|Any CPU
		{148039BB-B643-45D0-8323-661FC9073D33}.Debug|Any CPU.Build.0 = Debug|Any CPU
		{148039BB-B643-45D0-8323-661FC9073D33}.Release|Any CPU.ActiveCfg = Release|Any CPU
		{148039BB-B643-45D0-8323-661FC9073D33}.Release|Any CPU.Build.0 = Release|Any CPU
		{B322EBF4-07E9-474B-A00D-B742D9B1CB26}.Debug|Any CPU.ActiveCfg = Debug|Any CPU
		{B322EBF4-07E9-474B-A00D-B742D9B1CB26}.Debug|Any CPU.Build.0 = Debug|Any CPU
		{B322EBF4-07E9-474B-A00D-B742D9B1CB26}.Release|Any CPU.ActiveCfg = Release|Any CPU
		{B322EBF4-07E9-474B-A00D-B742D9B1CB26}.Release|Any CPU.Build.0 = Release|Any CPU
		{3F295726-88E3-41A0-A46A-C31A493F4211}.Debug|Any CPU.ActiveCfg = Debug|Any CPU
		{3F295726-88E3-41A0-A46A-C31A493F4211}.Debug|Any CPU.Build.0 = Debug|Any CPU
		{3F295726-88E3-41A0-A46A-C31A493F4211}.Release|Any CPU.ActiveCfg = Release|Any CPU
		{3F295726-88E3-41A0-A46A-C31A493F4211}.Release|Any CPU.Build.0 = Release|Any CPU
		{B83B4BAD-291B-42B1-8C20-74C4E68AFEA1}.Debug|Any CPU.ActiveCfg = Debug|Any CPU
		{B83B4BAD-291B-42B1-8C20-74C4E68AFEA1}.Debug|Any CPU.Build.0 = Debug|Any CPU
		{B83B4BAD-291B-42B1-8C20-74C4E68AFEA1}.Release|Any CPU.ActiveCfg = Release|Any CPU
		{B83B4BAD-291B-42B1-8C20-74C4E68AFEA1}.Release|Any CPU.Build.0 = Release|Any CPU
		{089DB711-18A9-4AA4-8E99-7C46CF3403E5}.Debug|Any CPU.ActiveCfg = Debug|Any CPU
		{089DB711-18A9-4AA4-8E99-7C46CF3403E5}.Debug|Any CPU.Build.0 = Debug|Any CPU
		{089DB711-18A9-4AA4-8E99-7C46CF3403E5}.Release|Any CPU.ActiveCfg = Release|Any CPU
		{089DB711-18A9-4AA4-8E99-7C46CF3403E5}.Release|Any CPU.Build.0 = Release|Any CPU
	EndGlobalSection
	GlobalSection(SolutionProperties) = preSolution
		HideSolutionNode = FALSE
	EndGlobalSection
	GlobalSection(NestedProjects) = preSolution
		{148039BB-B643-45D0-8323-661FC9073D33} = {A0CFD8E5-FCD6-431F-A972-86133729D29F}
		{B322EBF4-07E9-474B-A00D-B742D9B1CB26} = {A0CFD8E5-FCD6-431F-A972-86133729D29F}
		{3F295726-88E3-41A0-A46A-C31A493F4211} = {A0CFD8E5-FCD6-431F-A972-86133729D29F}
		{B83B4BAD-291B-42B1-8C20-74C4E68AFEA1} = {7F7E81F9-1B72-4C9A-8D6C-343F5A429C29}
		{089DB711-18A9-4AA4-8E99-7C46CF3403E5} = {7F7E81F9-1B72-4C9A-8D6C-343F5A429C29}
	EndGlobalSection
	GlobalSection(ExtensibilityGlobals) = postSolution
		SolutionGuid = {75A70C7E-0182-4223-8108-3CF70F8783AC}
	EndGlobalSection
EndGlobal
