
Microsoft Visual Studio Solution File, Format Version 12.00
# Visual Studio Version 17
VisualStudioVersion = 17.5.002.0
MinimumVisualStudioVersion = 10.0.40219.1
Project("{2150E333-8FDC-42A3-9474-1A3956D46DE8}") = "src", "src", "{F74A9071-CF11-446B-9272-3F90AB6082DD}"
EndProject
Project("{9A19103F-16F7-4668-BE54-9A1E7A4F7556}") = "Chirp.CLI", "src\Chirp.CLI\Chirp.CLI.csproj", "{9A28CA94-B99D-4D3C-8820-D50CF5213D41}"
EndProject
Project("{9A19103F-16F7-4668-BE54-9A1E7A4F7556}") = "Chirp.CSVDB", "src\Chirp.CSVDB\Chirp.CSVDB.csproj", "{6EC1E167-EC79-4CE9-9319-EDC51E129393}"
EndProject
Project("{2150E333-8FDC-42A3-9474-1A3956D46DE8}") = "test", "test", "{4176E6E8-591B-4F5A-88F8-E75DBC2D8DCC}"
EndProject
Project("{9A19103F-16F7-4668-BE54-9A1E7A4F7556}") = "Chirp.CLI.Tests", "test\Chirp.CLI.Tests\Chirp.CLI.Tests.csproj", "{E3655870-216C-4722-85CD-979D22AB4B52}"
EndProject
Project("{9A19103F-16F7-4668-BE54-9A1E7A4F7556}") = "Chirp.CSVDB.Tests", "test\Chirp.CSVDB.Tests\Chirp.CSVDB.Tests.csproj", "{2FF4158B-AC36-4374-8B07-F766E13B1B5D}"
EndProject
Global
	GlobalSection(SolutionConfigurationPlatforms) = preSolution
		Debug|Any CPU = Debug|Any CPU
		Release|Any CPU = Release|Any CPU
	EndGlobalSection
	GlobalSection(ProjectConfigurationPlatforms) = postSolution
		{9A28CA94-B99D-4D3C-8820-D50CF5213D41}.Debug|Any CPU.ActiveCfg = Debug|Any CPU
		{9A28CA94-B99D-4D3C-8820-D50CF5213D41}.Debug|Any CPU.Build.0 = Debug|Any CPU
		{9A28CA94-B99D-4D3C-8820-D50CF5213D41}.Release|Any CPU.ActiveCfg = Release|Any CPU
		{9A28CA94-B99D-4D3C-8820-D50CF5213D41}.Release|Any CPU.Build.0 = Release|Any CPU
		{6EC1E167-EC79-4CE9-9319-EDC51E129393}.Debug|Any CPU.ActiveCfg = Debug|Any CPU
		{6EC1E167-EC79-4CE9-9319-EDC51E129393}.Debug|Any CPU.Build.0 = Debug|Any CPU
		{6EC1E167-EC79-4CE9-9319-EDC51E129393}.Release|Any CPU.ActiveCfg = Release|Any CPU
		{6EC1E167-EC79-4CE9-9319-EDC51E129393}.Release|Any CPU.Build.0 = Release|Any CPU
		{E3655870-216C-4722-85CD-979D22AB4B52}.Debug|Any CPU.ActiveCfg = Debug|Any CPU
		{E3655870-216C-4722-85CD-979D22AB4B52}.Debug|Any CPU.Build.0 = Debug|Any CPU
		{E3655870-216C-4722-85CD-979D22AB4B52}.Release|Any CPU.ActiveCfg = Release|Any CPU
		{E3655870-216C-4722-85CD-979D22AB4B52}.Release|Any CPU.Build.0 = Release|Any CPU
		{2FF4158B-AC36-4374-8B07-F766E13B1B5D}.Debug|Any CPU.ActiveCfg = Debug|Any CPU
		{2FF4158B-AC36-4374-8B07-F766E13B1B5D}.Debug|Any CPU.Build.0 = Debug|Any CPU
		{2FF4158B-AC36-4374-8B07-F766E13B1B5D}.Release|Any CPU.ActiveCfg = Release|Any CPU
		{2FF4158B-AC36-4374-8B07-F766E13B1B5D}.Release|Any CPU.Build.0 = Release|Any CPU
	EndGlobalSection
	GlobalSection(SolutionProperties) = preSolution
		HideSolutionNode = FALSE
	EndGlobalSection
	GlobalSection(NestedProjects) = preSolution
		{9A28CA94-B99D-4D3C-8820-D50CF5213D41} = {F74A9071-CF11-446B-9272-3F90AB6082DD}
		{6EC1E167-EC79-4CE9-9319-EDC51E129393} = {F74A9071-CF11-446B-9272-3F90AB6082DD}
		{E3655870-216C-4722-85CD-979D22AB4B52} = {4176E6E8-591B-4F5A-88F8-E75DBC2D8DCC}
		{2FF4158B-AC36-4374-8B07-F766E13B1B5D} = {4176E6E8-591B-4F5A-88F8-E75DBC2D8DCC}
	EndGlobalSection
	GlobalSection(ExtensibilityGlobals) = postSolution
		SolutionGuid = {642BFF6D-EECA-4B59-A554-F3F865CE198C}
	EndGlobalSection
EndGlobal
